
Microsoft Visual Studio Solution File, Format Version 12.00
# Visual Studio 15
VisualStudioVersion = 15.0.28307.136
MinimumVisualStudioVersion = 10.0.40219.1
Project("{FAE04EC0-301F-11D3-BF4B-00C04F79EFBC}") = "AsyncBridge.Tests", "..\AsyncBridge.Tests\AsyncBridge.Tests.csproj", "{301C2ADE-0C41-4448-AF17-62422CAA905C}"
EndProject
Project("{9A19103F-16F7-4668-BE54-9A1E7A4F7556}") = "AsyncBridge.Option", "..\AsyncBridge.Option\AsyncBridge.Option.csproj", "{273B576A-7168-4735-A3A4-BD248E2F02DE}"
EndProject
Project("{9A19103F-16F7-4668-BE54-9A1E7A4F7556}") = "AsyncBridge", "AsyncBridge.csproj", "{AE854A99-9D89-447C-8BFF-84623041D030}"
EndProject
Global
	GlobalSection(SolutionConfigurationPlatforms) = preSolution
		Debug|Any CPU = Debug|Any CPU
		Release|Any CPU = Release|Any CPU
	EndGlobalSection
	GlobalSection(ProjectConfigurationPlatforms) = postSolution
		{301C2ADE-0C41-4448-AF17-62422CAA905C}.Debug|Any CPU.ActiveCfg = Debug|Any CPU
		{301C2ADE-0C41-4448-AF17-62422CAA905C}.Debug|Any CPU.Build.0 = Debug|Any CPU
		{301C2ADE-0C41-4448-AF17-62422CAA905C}.Release|Any CPU.ActiveCfg = Release|Any CPU
		{301C2ADE-0C41-4448-AF17-62422CAA905C}.Release|Any CPU.Build.0 = Release|Any CPU
		{273B576A-7168-4735-A3A4-BD248E2F02DE}.Debug|Any CPU.ActiveCfg = Debug|Any CPU
		{273B576A-7168-4735-A3A4-BD248E2F02DE}.Debug|Any CPU.Build.0 = Debug|Any CPU
		{273B576A-7168-4735-A3A4-BD248E2F02DE}.Release|Any CPU.ActiveCfg = Release|Any CPU
		{273B576A-7168-4735-A3A4-BD248E2F02DE}.Release|Any CPU.Build.0 = Release|Any CPU
		{AE854A99-9D89-447C-8BFF-84623041D030}.Debug|Any CPU.ActiveCfg = Debug|Any CPU
		{AE854A99-9D89-447C-8BFF-84623041D030}.Debug|Any CPU.Build.0 = Debug|Any CPU
		{AE854A99-9D89-447C-8BFF-84623041D030}.Release|Any CPU.ActiveCfg = Release|Any CPU
		{AE854A99-9D89-447C-8BFF-84623041D030}.Release|Any CPU.Build.0 = Release|Any CPU
	EndGlobalSection
	GlobalSection(SolutionProperties) = preSolution
		HideSolutionNode = FALSE
	EndGlobalSection
	GlobalSection(ExtensibilityGlobals) = postSolution
		SolutionGuid = {7B6E3B67-804E-413D-98CD-6472F5D322CC}
	EndGlobalSection
EndGlobal
